// !$*UTF8*$!
{
	archiveVersion = 1;
	classes = {
	};
	objectVersion = 50;
	objects = {

/* Begin PBXBuildFile section */
		1F3BD66821F9A67800779975 /* AppDelegate.swift in Sources */ = {isa = PBXBuildFile; fileRef = 1F3BD66721F9A67800779975 /* AppDelegate.swift */; };
		1F3BD66A21F9A67800779975 /* ViewController.swift in Sources */ = {isa = PBXBuildFile; fileRef = 1F3BD66921F9A67800779975 /* ViewController.swift */; };
		1F3BD66D21F9A67800779975 /* Main.storyboard in Resources */ = {isa = PBXBuildFile; fileRef = 1F3BD66B21F9A67800779975 /* Main.storyboard */; };
		1F3BD66F21F9A67900779975 /* Assets.xcassets in Resources */ = {isa = PBXBuildFile; fileRef = 1F3BD66E21F9A67900779975 /* Assets.xcassets */; };
		1F3BD67221F9A67900779975 /* LaunchScreen.storyboard in Resources */ = {isa = PBXBuildFile; fileRef = 1F3BD67021F9A67900779975 /* LaunchScreen.storyboard */; };
		1F3BD67A21F9A8E100779975 /* BMI-Calculator.png in Resources */ = {isa = PBXBuildFile; fileRef = 1F3BD67921F9A8E100779975 /* BMI-Calculator.png */; };
		1F3BD68021F9AB3900779975 /* b1.png in Resources */ = {isa = PBXBuildFile; fileRef = 1F3BD67B21F9AB3800779975 /* b1.png */; };
		1F3BD68121F9AB3900779975 /* b4.png in Resources */ = {isa = PBXBuildFile; fileRef = 1F3BD67C21F9AB3800779975 /* b4.png */; };
		1F3BD68221F9AB3900779975 /* b5.png in Resources */ = {isa = PBXBuildFile; fileRef = 1F3BD67D21F9AB3800779975 /* b5.png */; };
		1F3BD68321F9AB3900779975 /* b2.png in Resources */ = {isa = PBXBuildFile; fileRef = 1F3BD67E21F9AB3800779975 /* b2.png */; };
		1F3BD68421F9AB3900779975 /* b3.png in Resources */ = {isa = PBXBuildFile; fileRef = 1F3BD67F21F9AB3900779975 /* b3.png */; };
		1F3BD68621F9ADA200779975 /* BMI-Calculator-2.png in Resources */ = {isa = PBXBuildFile; fileRef = 1F3BD68521F9ADA200779975 /* BMI-Calculator-2.png */; };
/* End PBXBuildFile section */

/* Begin PBXFileReference section */
		1F3BD66421F9A67800779975 /* BMI Calculator.app */ = {isa = PBXFileReference; explicitFileType = wrapper.application; includeInIndex = 0; path = "BMI Calculator.app"; sourceTree = BUILT_PRODUCTS_DIR; };
		1F3BD66721F9A67800779975 /* AppDelegate.swift */ = {isa = PBXFileReference; lastKnownFileType = sourcecode.swift; path = AppDelegate.swift; sourceTree = "<group>"; };
		1F3BD66921F9A67800779975 /* ViewController.swift */ = {isa = PBXFileReference; lastKnownFileType = sourcecode.swift; path = ViewController.swift; sourceTree = "<group>"; };
		1F3BD66C21F9A67800779975 /* Base */ = {isa = PBXFileReference; lastKnownFileType = file.storyboard; name = Base; path = Base.lproj/Main.storyboard; sourceTree = "<group>"; };
		1F3BD66E21F9A67900779975 /* Assets.xcassets */ = {isa = PBXFileReference; lastKnownFileType = folder.assetcatalog; path = Assets.xcassets; sourceTree = "<group>"; };
		1F3BD67121F9A67900779975 /* Base */ = {isa = PBXFileReference; lastKnownFileType = file.storyboard; name = Base; path = Base.lproj/LaunchScreen.storyboard; sourceTree = "<group>"; };
		1F3BD67321F9A67900779975 /* Info.plist */ = {isa = PBXFileReference; lastKnownFileType = text.plist.xml; path = Info.plist; sourceTree = "<group>"; };
		1F3BD67921F9A8E100779975 /* BMI-Calculator.png */ = {isa = PBXFileReference; lastKnownFileType = image.png; path = "BMI-Calculator.png"; sourceTree = "<group>"; };
		1F3BD67B21F9AB3800779975 /* b1.png */ = {isa = PBXFileReference; lastKnownFileType = image.png; path = b1.png; sourceTree = "<group>"; };
		1F3BD67C21F9AB3800779975 /* b4.png */ = {isa = PBXFileReference; lastKnownFileType = image.png; path = b4.png; sourceTree = "<group>"; };
		1F3BD67D21F9AB3800779975 /* b5.png */ = {isa = PBXFileReference; lastKnownFileType = image.png; path = b5.png; sourceTree = "<group>"; };
		1F3BD67E21F9AB3800779975 /* b2.png */ = {isa = PBXFileReference; lastKnownFileType = image.png; path = b2.png; sourceTree = "<group>"; };
		1F3BD67F21F9AB3900779975 /* b3.png */ = {isa = PBXFileReference; lastKnownFileType = image.png; path = b3.png; sourceTree = "<group>"; };
		1F3BD68521F9ADA200779975 /* BMI-Calculator-2.png */ = {isa = PBXFileReference; lastKnownFileType = image.png; path = "BMI-Calculator-2.png"; sourceTree = "<group>"; };
/* End PBXFileReference section */

/* Begin PBXFrameworksBuildPhase section */
		1F3BD66121F9A67800779975 /* Frameworks */ = {
			isa = PBXFrameworksBuildPhase;
			buildActionMask = 2147483647;
			files = (
			);
			runOnlyForDeploymentPostprocessing = 0;
		};
/* End PBXFrameworksBuildPhase section */

/* Begin PBXGroup section */
		1F3BD65B21F9A67800779975 = {
			isa = PBXGroup;
			children = (
				1F3BD66621F9A67800779975 /* BMI Calculator */,
				1F3BD66521F9A67800779975 /* Products */,
			);
			sourceTree = "<group>";
		};
		1F3BD66521F9A67800779975 /* Products */ = {
			isa = PBXGroup;
			children = (
				1F3BD66421F9A67800779975 /* BMI Calculator.app */,
			);
			name = Products;
			sourceTree = "<group>";
		};
		1F3BD66621F9A67800779975 /* BMI Calculator */ = {
			isa = PBXGroup;
			children = (
				1F3BD68521F9ADA200779975 /* BMI-Calculator-2.png */,
				1F3BD67B21F9AB3800779975 /* b1.png */,
				1F3BD67E21F9AB3800779975 /* b2.png */,
				1F3BD67F21F9AB3900779975 /* b3.png */,
				1F3BD67C21F9AB3800779975 /* b4.png */,
				1F3BD67D21F9AB3800779975 /* b5.png */,
				1F3BD67921F9A8E100779975 /* BMI-Calculator.png */,
				1F3BD66721F9A67800779975 /* AppDelegate.swift */,
				1F3BD66921F9A67800779975 /* ViewController.swift */,
				1F3BD66B21F9A67800779975 /* Main.storyboard */,
				1F3BD66E21F9A67900779975 /* Assets.xcassets */,
				1F3BD67021F9A67900779975 /* LaunchScreen.storyboard */,
				1F3BD67321F9A67900779975 /* Info.plist */,
			);
			path = "BMI Calculator";
			sourceTree = "<group>";
		};
/* End PBXGroup section */

/* Begin PBXNativeTarget section */
		1F3BD66321F9A67800779975 /* BMI Calculator */ = {
			isa = PBXNativeTarget;
			buildConfigurationList = 1F3BD67621F9A67900779975 /* Build configuration list for PBXNativeTarget "BMI Calculator" */;
			buildPhases = (
				1F3BD66021F9A67800779975 /* Sources */,
				1F3BD66121F9A67800779975 /* Frameworks */,
				1F3BD66221F9A67800779975 /* Resources */,
			);
			buildRules = (
			);
			dependencies = (
			);
			name = "BMI Calculator";
			productName = "BMI Calculator";
			productReference = 1F3BD66421F9A67800779975 /* BMI Calculator.app */;
			productType = "com.apple.product-type.application";
		};
/* End PBXNativeTarget section */

/* Begin PBXProject section */
		1F3BD65C21F9A67800779975 /* Project object */ = {
			isa = PBXProject;
			attributes = {
				LastSwiftUpdateCheck = 1010;
				LastUpgradeCheck = 1010;
				ORGANIZATIONNAME = "Pappim Pipatkasrira";
				TargetAttributes = {
					1F3BD66321F9A67800779975 = {
						CreatedOnToolsVersion = 10.1;
					};
				};
			};
			buildConfigurationList = 1F3BD65F21F9A67800779975 /* Build configuration list for PBXProject "BMI Calculator" */;
			compatibilityVersion = "Xcode 9.3";
			developmentRegion = en;
			hasScannedForEncodings = 0;
			knownRegions = (
				en,
				Base,
			);
			mainGroup = 1F3BD65B21F9A67800779975;
			productRefGroup = 1F3BD66521F9A67800779975 /* Products */;
			projectDirPath = "";
			projectRoot = "";
			targets = (
				1F3BD66321F9A67800779975 /* BMI Calculator */,
			);
		};
/* End PBXProject section */

/* Begin PBXResourcesBuildPhase section */
		1F3BD66221F9A67800779975 /* Resources */ = {
			isa = PBXResourcesBuildPhase;
			buildActionMask = 2147483647;
			files = (
				1F3BD68421F9AB3900779975 /* b3.png in Resources */,
				1F3BD68621F9ADA200779975 /* BMI-Calculator-2.png in Resources */,
				1F3BD68221F9AB3900779975 /* b5.png in Resources */,
				1F3BD68021F9AB3900779975 /* b1.png in Resources */,
				1F3BD67A21F9A8E100779975 /* BMI-Calculator.png in Resources */,
				1F3BD67221F9A67900779975 /* LaunchScreen.storyboard in Resources */,
				1F3BD66F21F9A67900779975 /* Assets.xcassets in Resources */,
				1F3BD68321F9AB3900779975 /* b2.png in Resources */,
				1F3BD66D21F9A67800779975 /* Main.storyboard in Resources */,
				1F3BD68121F9AB3900779975 /* b4.png in Resources */,
			);
			runOnlyForDeploymentPostprocessing = 0;
		};
/* End PBXResourcesBuildPhase section */

/* Begin PBXSourcesBuildPhase section */
		1F3BD66021F9A67800779975 /* Sources */ = {
			isa = PBXSourcesBuildPhase;
			buildActionMask = 2147483647;
			files = (
				1F3BD66A21F9A67800779975 /* ViewController.swift in Sources */,
				1F3BD66821F9A67800779975 /* AppDelegate.swift in Sources */,
			);
			runOnlyForDeploymentPostprocessing = 0;
		};
/* End PBXSourcesBuildPhase section */

/* Begin PBXVariantGroup section */
		1F3BD66B21F9A67800779975 /* Main.storyboard */ = {
			isa = PBXVariantGroup;
			children = (
				1F3BD66C21F9A67800779975 /* Base */,
			);
			name = Main.storyboard;
			sourceTree = "<group>";
		};
		1F3BD67021F9A67900779975 /* LaunchScreen.storyboard */ = {
			isa = PBXVariantGroup;
			children = (
				1F3BD67121F9A67900779975 /* Base */,
			);
			name = LaunchScreen.storyboard;
			sourceTree = "<group>";
		};
/* End PBXVariantGroup section */

/* Begin XCBuildConfiguration section */
		1F3BD67421F9A67900779975 /* Debug */ = {
			isa = XCBuildConfiguration;
			buildSettings = {
				ALWAYS_SEARCH_USER_PATHS = NO;
				CLANG_ANALYZER_NONNULL = YES;
				CLANG_ANALYZER_NUMBER_OBJECT_CONVERSION = YES_AGGRESSIVE;
				CLANG_CXX_LANGUAGE_STANDARD = "gnu++14";
				CLANG_CXX_LIBRARY = "libc++";
				CLANG_ENABLE_MODULES = YES;
				CLANG_ENABLE_OBJC_ARC = YES;
				CLANG_ENABLE_OBJC_WEAK = YES;
				CLANG_WARN_BLOCK_CAPTURE_AUTORELEASING = YES;
				CLANG_WARN_BOOL_CONVERSION = YES;
				CLANG_WARN_COMMA = YES;
				CLANG_WARN_CONSTANT_CONVERSION = YES;
				CLANG_WARN_DEPRECATED_OBJC_IMPLEMENTATIONS = YES;
				CLANG_WARN_DIRECT_OBJC_ISA_USAGE = YES_ERROR;
				CLANG_WARN_DOCUMENTATION_COMMENTS = YES;
				CLANG_WARN_EMPTY_BODY = YES;
				CLANG_WARN_ENUM_CONVERSION = YES;
				CLANG_WARN_INFINITE_RECURSION = YES;
				CLANG_WARN_INT_CONVERSION = YES;
				CLANG_WARN_NON_LITERAL_NULL_CONVERSION = YES;
				CLANG_WARN_OBJC_IMPLICIT_RETAIN_SELF = YES;
				CLANG_WARN_OBJC_LITERAL_CONVERSION = YES;
				CLANG_WARN_OBJC_ROOT_CLASS = YES_ERROR;
				CLANG_WARN_RANGE_LOOP_ANALYSIS = YES;
				CLANG_WARN_STRICT_PROTOTYPES = YES;
				CLANG_WARN_SUSPICIOUS_MOVE = YES;
				CLANG_WARN_UNGUARDED_AVAILABILITY = YES_AGGRESSIVE;
				CLANG_WARN_UNREACHABLE_CODE = YES;
				CLANG_WARN__DUPLICATE_METHOD_MATCH = YES;
				CODE_SIGN_IDENTITY = "iPhone Developer";
				COPY_PHASE_STRIP = NO;
				DEBUG_INFORMATION_FORMAT = dwarf;
				ENABLE_STRICT_OBJC_MSGSEND = YES;
				ENABLE_TESTABILITY = YES;
				GCC_C_LANGUAGE_STANDARD = gnu11;
				GCC_DYNAMIC_NO_PIC = NO;
				GCC_NO_COMMON_BLOCKS = YES;
				GCC_OPTIMIZATION_LEVEL = 0;
				GCC_PREPROCESSOR_DEFINITIONS = (
					"DEBUG=1",
					"$(inherited)",
				);
				GCC_WARN_64_TO_32_BIT_CONVERSION = YES;
				GCC_WARN_ABOUT_RETURN_TYPE = YES_ERROR;
				GCC_WARN_UNDECLARED_SELECTOR = YES;
				GCC_WARN_UNINITIALIZED_AUTOS = YES_AGGRESSIVE;
				GCC_WARN_UNUSED_FUNCTION = YES;
				GCC_WARN_UNUSED_VARIABLE = YES;
				IPHONEOS_DEPLOYMENT_TARGET = 12.1;
				MTL_ENABLE_DEBUG_INFO = INCLUDE_SOURCE;
				MTL_FAST_MATH = YES;
				ONLY_ACTIVE_ARCH = YES;
				SDKROOT = iphoneos;
				SWIFT_ACTIVE_COMPILATION_CONDITIONS = DEBUG;
				SWIFT_OPTIMIZATION_LEVEL = "-Onone";
			};
			name = Debug;
		};
		1F3BD67521F9A67900779975 /* Release */ = {
			isa = XCBuildConfiguration;
			buildSettings = {
				ALWAYS_SEARCH_USER_PATHS = NO;
				CLANG_ANALYZER_NONNULL = YES;
				CLANG_ANALYZER_NUMBER_OBJECT_CONVERSION = YES_AGGRESSIVE;
				CLANG_CXX_LANGUAGE_STANDARD = "gnu++14";
				CLANG_CXX_LIBRARY = "libc++";
				CLANG_ENABLE_MODULES = YES;
				CLANG_ENABLE_OBJC_ARC = YES;
				CLANG_ENABLE_OBJC_WEAK = YES;
				CLANG_WARN_BLOCK_CAPTURE_AUTORELEASING = YES;
				CLANG_WARN_BOOL_CONVERSION = YES;
				CLANG_WARN_COMMA = YES;
				CLANG_WARN_CONSTANT_CONVERSION = YES;
				CLANG_WARN_DEPRECATED_OBJC_IMPLEMENTATIONS = YES;
				CLANG_WARN_DIRECT_OBJC_ISA_USAGE = YES_ERROR;
				CLANG_WARN_DOCUMENTATION_COMMENTS = YES;
				CLANG_WARN_EMPTY_BODY = YES;
				CLANG_WARN_ENUM_CONVERSION = YES;
				CLANG_WARN_INFINITE_RECURSION = YES;
				CLANG_WARN_INT_CONVERSION = YES;
				CLANG_WARN_NON_LITERAL_NULL_CONVERSION = YES;
				CLANG_WARN_OBJC_IMPLICIT_RETAIN_SELF = YES;
				CLANG_WARN_OBJC_LITERAL_CONVERSION = YES;
				CLANG_WARN_OBJC_ROOT_CLASS = YES_ERROR;
				CLANG_WARN_RANGE_LOOP_ANALYSIS = YES;
				CLANG_WARN_STRICT_PROTOTYPES = YES;
				CLANG_WARN_SUSPICIOUS_MOVE = YES;
				CLANG_WARN_UNGUARDED_AVAILABILITY = YES_AGGRESSIVE;
				CLANG_WARN_UNREACHABLE_CODE = YES;
				CLANG_WARN__DUPLICATE_METHOD_MATCH = YES;
				CODE_SIGN_IDENTITY = "iPhone Developer";
				COPY_PHASE_STRIP = NO;
				DEBUG_INFORMATION_FORMAT = "dwarf-with-dsym";
				ENABLE_NS_ASSERTIONS = NO;
				ENABLE_STRICT_OBJC_MSGSEND = YES;
				GCC_C_LANGUAGE_STANDARD = gnu11;
				GCC_NO_COMMON_BLOCKS = YES;
				GCC_WARN_64_TO_32_BIT_CONVERSION = YES;
				GCC_WARN_ABOUT_RETURN_TYPE = YES_ERROR;
				GCC_WARN_UNDECLARED_SELECTOR = YES;
				GCC_WARN_UNINITIALIZED_AUTOS = YES_AGGRESSIVE;
				GCC_WARN_UNUSED_FUNCTION = YES;
				GCC_WARN_UNUSED_VARIABLE = YES;
				IPHONEOS_DEPLOYMENT_TARGET = 12.1;
				MTL_ENABLE_DEBUG_INFO = NO;
				MTL_FAST_MATH = YES;
				SDKROOT = iphoneos;
				SWIFT_COMPILATION_MODE = wholemodule;
				SWIFT_OPTIMIZATION_LEVEL = "-O";
				VALIDATE_PRODUCT = YES;
			};
			name = Release;
		};
		1F3BD67721F9A67900779975 /* Debug */ = {
			isa = XCBuildConfiguration;
			buildSettings = {
				ASSETCATALOG_COMPILER_APPICON_NAME = AppIcon;
				CODE_SIGN_STYLE = Automatic;
				DEVELOPMENT_TEAM = RT44NCJNJ3;
				INFOPLIST_FILE = "BMI Calculator/Info.plist";
				LD_RUNPATH_SEARCH_PATHS = (
					"$(inherited)",
					"@executable_path/Frameworks",
				);
				PRODUCT_BUNDLE_IDENTIFIER = "com.pappim.BMI-Calculator";
				PRODUCT_NAME = "$(TARGET_NAME)";
				SWIFT_VERSION = 4.2;
				TARGETED_DEVICE_FAMILY = "1,2";
			};
			name = Debug;
		};
		1F3BD67821F9A67900779975 /* Release */ = {
			isa = XCBuildConfiguration;
			buildSettings = {
				ASSETCATALOG_COMPILER_APPICON_NAME = AppIcon;
				CODE_SIGN_STYLE = Automatic;
				DEVELOPMENT_TEAM = RT44NCJNJ3;
				INFOPLIST_FILE = "BMI Calculator/Info.plist";
				LD_RUNPATH_SEARCH_PATHS = (
					"$(inherited)",
					"@executable_path/Frameworks",
				);
				PRODUCT_BUNDLE_IDENTIFIER = "com.pappim.BMI-Calculator";
				PRODUCT_NAME = "$(TARGET_NAME)";
				SWIFT_VERSION = 4.2;
				TARGETED_DEVICE_FAMILY = "1,2";
			};
			name = Release;
		};
/* End XCBuildConfiguration section */

/* Begin XCConfigurationList section */
		1F3BD65F21F9A67800779975 /* Build configuration list for PBXProject "BMI Calculator" */ = {
			isa = XCConfigurationList;
			buildConfigurations = (
				1F3BD67421F9A67900779975 /* Debug */,
				1F3BD67521F9A67900779975 /* Release */,
			);
			defaultConfigurationIsVisible = 0;
			defaultConfigurationName = Release;
		};
		1F3BD67621F9A67900779975 /* Build configuration list for PBXNativeTarget "BMI Calculator" */ = {
			isa = XCConfigurationList;
			buildConfigurations = (
				1F3BD67721F9A67900779975 /* Debug */,
				1F3BD67821F9A67900779975 /* Release */,
			);
			defaultConfigurationIsVisible = 0;
			defaultConfigurationName = Release;
		};
/* End XCConfigurationList section */
	};
	rootObject = 1F3BD65C21F9A67800779975 /* Project object */;
}
